
Microsoft Visual Studio Solution File, Format Version 12.00
# Visual Studio 14
VisualStudioVersion = 14.0.25420.1
MinimumVisualStudioVersion = 10.0.40219.1
Project("{FAE04EC0-301F-11D3-BF4B-00C04F79EFBC}") = "Test", "Test\Test\Test.csproj", "{170F04A3-8734-4391-8EE1-A6C3546DAAA7}"
EndProject
Project("{96E2B04D-8817-42C6-938A-82C39BA4D311}") = "TestContent", "Test\TestContent\TestContent.contentproj", "{F0BA8D60-01D5-4431-89EA-A1096F586CC7}"
EndProject
Global
	GlobalSection(SolutionConfigurationPlatforms) = preSolution
		Debug|x86 = Debug|x86
		Release|x86 = Release|x86
	EndGlobalSection
	GlobalSection(ProjectConfigurationPlatforms) = postSolution
		{170F04A3-8734-4391-8EE1-A6C3546DAAA7}.Debug|x86.ActiveCfg = Debug|x86
		{170F04A3-8734-4391-8EE1-A6C3546DAAA7}.Debug|x86.Build.0 = Debug|x86
		{170F04A3-8734-4391-8EE1-A6C3546DAAA7}.Release|x86.ActiveCfg = Release|x86
		{170F04A3-8734-4391-8EE1-A6C3546DAAA7}.Release|x86.Build.0 = Release|x86
		{F0BA8D60-01D5-4431-89EA-A1096F586CC7}.Debug|x86.ActiveCfg = Debug|x86
		{F0BA8D60-01D5-4431-89EA-A1096F586CC7}.Release|x86.ActiveCfg = Release|x86
	EndGlobalSection
	GlobalSection(SolutionProperties) = preSolution
		HideSolutionNode = FALSE
	EndGlobalSection
EndGlobal
