
Microsoft Visual Studio Solution File, Format Version 12.00
# Visual Studio 15
VisualStudioVersion = 15.0.26730.10
MinimumVisualStudioVersion = 10.0.40219.1
Project("{FAE04EC0-301F-11D3-BF4B-00C04F79EFBC}") = "JackLexer", "JackLexer\JackLexer.csproj", "{DCDFDCF3-4791-4ED2-AE94-5A97A644B17D}"
EndProject
Global
	GlobalSection(SolutionConfigurationPlatforms) = preSolution
		Debug|Any CPU = Debug|Any CPU
		Release|Any CPU = Release|Any CPU
	EndGlobalSection
	GlobalSection(ProjectConfigurationPlatforms) = postSolution
		{DCDFDCF3-4791-4ED2-AE94-5A97A644B17D}.Debug|Any CPU.ActiveCfg = Debug|Any CPU
		{DCDFDCF3-4791-4ED2-AE94-5A97A644B17D}.Debug|Any CPU.Build.0 = Debug|Any CPU
		{DCDFDCF3-4791-4ED2-AE94-5A97A644B17D}.Release|Any CPU.ActiveCfg = Release|Any CPU
		{DCDFDCF3-4791-4ED2-AE94-5A97A644B17D}.Release|Any CPU.Build.0 = Release|Any CPU
	EndGlobalSection
	GlobalSection(SolutionProperties) = preSolution
		HideSolutionNode = FALSE
	EndGlobalSection
	GlobalSection(ExtensibilityGlobals) = postSolution
		SolutionGuid = {E517DC54-1E3B-46BE-9AFF-29B2F765EEBB}
	EndGlobalSection
EndGlobal
